
Microsoft Visual Studio Solution File, Format Version 12.00
# Visual Studio Version 17
VisualStudioVersion = 17.8.34330.188
MinimumVisualStudioVersion = 10.0.40219.1
Project("{FAE04EC0-301F-11D3-BF4B-00C04F79EFBC}") = "2023AdventOfCode01", "2023AdventOfCode01.csproj", "{384B37BD-99CE-42C1-A2AB-955DAD8D0C8E}"
EndProject
Global
	GlobalSection(SolutionConfigurationPlatforms) = preSolution
		Debug|Any CPU = Debug|Any CPU
		Release|Any CPU = Release|Any CPU
	EndGlobalSection
	GlobalSection(ProjectConfigurationPlatforms) = postSolution
		{384B37BD-99CE-42C1-A2AB-955DAD8D0C8E}.Debug|Any CPU.ActiveCfg = Debug|Any CPU
		{384B37BD-99CE-42C1-A2AB-955DAD8D0C8E}.Debug|Any CPU.Build.0 = Debug|Any CPU
		{384B37BD-99CE-42C1-A2AB-955DAD8D0C8E}.Release|Any CPU.ActiveCfg = Release|Any CPU
		{384B37BD-99CE-42C1-A2AB-955DAD8D0C8E}.Release|Any CPU.Build.0 = Release|Any CPU
	EndGlobalSection
	GlobalSection(SolutionProperties) = preSolution
		HideSolutionNode = FALSE
	EndGlobalSection
	GlobalSection(ExtensibilityGlobals) = postSolution
		SolutionGuid = {F4B754ED-3181-43B4-8F16-C9DE13BECD5F}
	EndGlobalSection
EndGlobal
